
Microsoft Visual Studio Solution File, Format Version 12.00
# Visual Studio Version 17
VisualStudioVersion = 17.1.32319.34
MinimumVisualStudioVersion = 10.0.40219.1
Project("{FAE04EC0-301F-11D3-BF4B-00C04F79EFBC}") = "ConsoleApp16", "ConsoleApp16\ConsoleApp16.csproj", "{0F775213-A935-4B27-8BB1-2BD4549D7C11}"
EndProject
Global
	GlobalSection(SolutionConfigurationPlatforms) = preSolution
		Debug|Any CPU = Debug|Any CPU
		Release|Any CPU = Release|Any CPU
	EndGlobalSection
	GlobalSection(ProjectConfigurationPlatforms) = postSolution
		{0F775213-A935-4B27-8BB1-2BD4549D7C11}.Debug|Any CPU.ActiveCfg = Debug|Any CPU
		{0F775213-A935-4B27-8BB1-2BD4549D7C11}.Debug|Any CPU.Build.0 = Debug|Any CPU
		{0F775213-A935-4B27-8BB1-2BD4549D7C11}.Release|Any CPU.ActiveCfg = Release|Any CPU
		{0F775213-A935-4B27-8BB1-2BD4549D7C11}.Release|Any CPU.Build.0 = Release|Any CPU
	EndGlobalSection
	GlobalSection(SolutionProperties) = preSolution
		HideSolutionNode = FALSE
	EndGlobalSection
	GlobalSection(ExtensibilityGlobals) = postSolution
		SolutionGuid = {236AB45F-09DE-4B30-9795-04B9905EFA8B}
	EndGlobalSection
EndGlobal
